
Microsoft Visual Studio Solution File, Format Version 12.00
# Visual Studio Version 16
VisualStudioVersion = 16.0.31702.278
MinimumVisualStudioVersion = 10.0.40219.1
Project("{FAE04EC0-301F-11D3-BF4B-00C04F79EFBC}") = "NexusWeb", "NexusWeb\NexusWeb.csproj", "{5F66122D-26A2-458E-8A9F-94EAC3A8B324}"
EndProject
Global
	GlobalSection(SolutionConfigurationPlatforms) = preSolution
		Debug|Any CPU = Debug|Any CPU
		Release|Any CPU = Release|Any CPU
	EndGlobalSection
	GlobalSection(ProjectConfigurationPlatforms) = postSolution
		{5F66122D-26A2-458E-8A9F-94EAC3A8B324}.Debug|Any CPU.ActiveCfg = Debug|Any CPU
		{5F66122D-26A2-458E-8A9F-94EAC3A8B324}.Debug|Any CPU.Build.0 = Debug|Any CPU
		{5F66122D-26A2-458E-8A9F-94EAC3A8B324}.Release|Any CPU.ActiveCfg = Release|Any CPU
		{5F66122D-26A2-458E-8A9F-94EAC3A8B324}.Release|Any CPU.Build.0 = Release|Any CPU
	EndGlobalSection
	GlobalSection(SolutionProperties) = preSolution
		HideSolutionNode = FALSE
	EndGlobalSection
	GlobalSection(ExtensibilityGlobals) = postSolution
		SolutionGuid = {7340F575-9277-43A1-ADC2-614B33781A38}
	EndGlobalSection
EndGlobal
